// !$*UTF8*$!
{
	archiveVersion = 1;
	classes = {
	};
	objectVersion = 46;
	objects = {

/* Begin PBXBuildFile section */
		5ADCBC121CBBD89900140F31 /* main.cpp in Sources */ = {isa = PBXBuildFile; fileRef = 5ADCBC111CBBD89900140F31 /* main.cpp */; };
		5ADCBC291CBBDA4C00140F31 /* libopencv_core.3.1.0.dylib in Frameworks */ = {isa = PBXBuildFile; fileRef = 5ADCBC191CBBDA4C00140F31 /* libopencv_core.3.1.0.dylib */; };
		5ADCBC2A1CBBDA4C00140F31 /* libopencv_features2d.3.1.0.dylib in Frameworks */ = {isa = PBXBuildFile; fileRef = 5ADCBC1A1CBBDA4C00140F31 /* libopencv_features2d.3.1.0.dylib */; };
		5ADCBC2B1CBBDA4C00140F31 /* libopencv_flann.3.1.0.dylib in Frameworks */ = {isa = PBXBuildFile; fileRef = 5ADCBC1B1CBBDA4C00140F31 /* libopencv_flann.3.1.0.dylib */; };
		5ADCBC2C1CBBDA4C00140F31 /* libopencv_highgui.3.1.0.dylib in Frameworks */ = {isa = PBXBuildFile; fileRef = 5ADCBC1C1CBBDA4C00140F31 /* libopencv_highgui.3.1.0.dylib */; };
		5ADCBC2D1CBBDA4C00140F31 /* libopencv_imgcodecs.3.1.0.dylib in Frameworks */ = {isa = PBXBuildFile; fileRef = 5ADCBC1D1CBBDA4C00140F31 /* libopencv_imgcodecs.3.1.0.dylib */; };
		5ADCBC2E1CBBDA4C00140F31 /* libopencv_imgproc.3.1.0.dylib in Frameworks */ = {isa = PBXBuildFile; fileRef = 5ADCBC1E1CBBDA4C00140F31 /* libopencv_imgproc.3.1.0.dylib */; };
		5ADCBC2F1CBBDA4C00140F31 /* libopencv_ml.3.1.0.dylib in Frameworks */ = {isa = PBXBuildFile; fileRef = 5ADCBC1F1CBBDA4C00140F31 /* libopencv_ml.3.1.0.dylib */; };
		5ADCBC301CBBDA4C00140F31 /* libopencv_objdetect.3.1.0.dylib in Frameworks */ = {isa = PBXBuildFile; fileRef = 5ADCBC201CBBDA4C00140F31 /* libopencv_objdetect.3.1.0.dylib */; };
		5ADCBC311CBBDA4C00140F31 /* libopencv_photo.3.1.0.dylib in Frameworks */ = {isa = PBXBuildFile; fileRef = 5ADCBC211CBBDA4C00140F31 /* libopencv_photo.3.1.0.dylib */; };
		5ADCBC321CBBDA4C00140F31 /* libopencv_shape.3.1.0.dylib in Frameworks */ = {isa = PBXBuildFile; fileRef = 5ADCBC221CBBDA4C00140F31 /* libopencv_shape.3.1.0.dylib */; };
		5ADCBC331CBBDA4C00140F31 /* libopencv_stitching.3.1.0.dylib in Frameworks */ = {isa = PBXBuildFile; fileRef = 5ADCBC231CBBDA4C00140F31 /* libopencv_stitching.3.1.0.dylib */; };
		5ADCBC341CBBDA4C00140F31 /* libopencv_superres.3.1.0.dylib in Frameworks */ = {isa = PBXBuildFile; fileRef = 5ADCBC241CBBDA4C00140F31 /* libopencv_superres.3.1.0.dylib */; };
		5ADCBC351CBBDA4C00140F31 /* libopencv_ts.a in Frameworks */ = {isa = PBXBuildFile; fileRef = 5ADCBC251CBBDA4C00140F31 /* libopencv_ts.a */; };
		5ADCBC361CBBDA4C00140F31 /* libopencv_video.3.1.0.dylib in Frameworks */ = {isa = PBXBuildFile; fileRef = 5ADCBC261CBBDA4C00140F31 /* libopencv_video.3.1.0.dylib */; };
		5ADCBC371CBBDA4C00140F31 /* libopencv_videoio.3.1.0.dylib in Frameworks */ = {isa = PBXBuildFile; fileRef = 5ADCBC271CBBDA4C00140F31 /* libopencv_videoio.3.1.0.dylib */; };
		5ADCBC381CBBDA4C00140F31 /* libopencv_videostab.3.1.0.dylib in Frameworks */ = {isa = PBXBuildFile; fileRef = 5ADCBC281CBBDA4C00140F31 /* libopencv_videostab.3.1.0.dylib */; };
/* End PBXBuildFile section */

/* Begin PBXCopyFilesBuildPhase section */
		5ADCBC0C1CBBD89900140F31 /* CopyFiles */ = {
			isa = PBXCopyFilesBuildPhase;
			buildActionMask = 2147483647;
			dstPath = /usr/share/man/man1/;
			dstSubfolderSpec = 0;
			files = (
			);
			runOnlyForDeploymentPostprocessing = 1;
		};
/* End PBXCopyFilesBuildPhase section */

/* Begin PBXFileReference section */
		5ADCBC0E1CBBD89900140F31 /* 6 */ = {isa = PBXFileReference; explicitFileType = "compiled.mach-o.executable"; includeInIndex = 0; path = 6; sourceTree = BUILT_PRODUCTS_DIR; };
		5ADCBC111CBBD89900140F31 /* main.cpp */ = {isa = PBXFileReference; lastKnownFileType = sourcecode.cpp.cpp; path = main.cpp; sourceTree = "<group>"; };
		5ADCBC191CBBDA4C00140F31 /* libopencv_core.3.1.0.dylib */ = {isa = PBXFileReference; lastKnownFileType = "compiled.mach-o.dylib"; name = libopencv_core.3.1.0.dylib; path = ../../../../../../../usr/local/Cellar/opencv3/3.1.0_2/lib/libopencv_core.3.1.0.dylib; sourceTree = "<group>"; };
		5ADCBC1A1CBBDA4C00140F31 /* libopencv_features2d.3.1.0.dylib */ = {isa = PBXFileReference; lastKnownFileType = "compiled.mach-o.dylib"; name = libopencv_features2d.3.1.0.dylib; path = ../../../../../../../usr/local/Cellar/opencv3/3.1.0_2/lib/libopencv_features2d.3.1.0.dylib; sourceTree = "<group>"; };
		5ADCBC1B1CBBDA4C00140F31 /* libopencv_flann.3.1.0.dylib */ = {isa = PBXFileReference; lastKnownFileType = "compiled.mach-o.dylib"; name = libopencv_flann.3.1.0.dylib; path = ../../../../../../../usr/local/Cellar/opencv3/3.1.0_2/lib/libopencv_flann.3.1.0.dylib; sourceTree = "<group>"; };
		5ADCBC1C1CBBDA4C00140F31 /* libopencv_highgui.3.1.0.dylib */ = {isa = PBXFileReference; lastKnownFileType = "compiled.mach-o.dylib"; name = libopencv_highgui.3.1.0.dylib; path = ../../../../../../../usr/local/Cellar/opencv3/3.1.0_2/lib/libopencv_highgui.3.1.0.dylib; sourceTree = "<group>"; };
		5ADCBC1D1CBBDA4C00140F31 /* libopencv_imgcodecs.3.1.0.dylib */ = {isa = PBXFileReference; lastKnownFileType = "compiled.mach-o.dylib"; name = libopencv_imgcodecs.3.1.0.dylib; path = ../../../../../../../usr/local/Cellar/opencv3/3.1.0_2/lib/libopencv_imgcodecs.3.1.0.dylib; sourceTree = "<group>"; };
		5ADCBC1E1CBBDA4C00140F31 /* libopencv_imgproc.3.1.0.dylib */ = {isa = PBXFileReference; lastKnownFileType = "compiled.mach-o.dylib"; name = libopencv_imgproc.3.1.0.dylib; path = ../../../../../../../usr/local/Cellar/opencv3/3.1.0_2/lib/libopencv_imgproc.3.1.0.dylib; sourceTree = "<group>"; };
		5ADCBC1F1CBBDA4C00140F31 /* libopencv_ml.3.1.0.dylib */ = {isa = PBXFileReference; lastKnownFileType = "compiled.mach-o.dylib"; name = libopencv_ml.3.1.0.dylib; path = ../../../../../../../usr/local/Cellar/opencv3/3.1.0_2/lib/libopencv_ml.3.1.0.dylib; sourceTree = "<group>"; };
		5ADCBC201CBBDA4C00140F31 /* libopencv_objdetect.3.1.0.dylib */ = {isa = PBXFileReference; lastKnownFileType = "compiled.mach-o.dylib"; name = libopencv_objdetect.3.1.0.dylib; path = ../../../../../../../usr/local/Cellar/opencv3/3.1.0_2/lib/libopencv_objdetect.3.1.0.dylib; sourceTree = "<group>"; };
		5ADCBC211CBBDA4C00140F31 /* libopencv_photo.3.1.0.dylib */ = {isa = PBXFileReference; lastKnownFileType = "compiled.mach-o.dylib"; name = libopencv_photo.3.1.0.dylib; path = ../../../../../../../usr/local/Cellar/opencv3/3.1.0_2/lib/libopencv_photo.3.1.0.dylib; sourceTree = "<group>"; };
		5ADCBC221CBBDA4C00140F31 /* libopencv_shape.3.1.0.dylib */ = {isa = PBXFileReference; lastKnownFileType = "compiled.mach-o.dylib"; name = libopencv_shape.3.1.0.dylib; path = ../../../../../../../usr/local/Cellar/opencv3/3.1.0_2/lib/libopencv_shape.3.1.0.dylib; sourceTree = "<group>"; };
		5ADCBC231CBBDA4C00140F31 /* libopencv_stitching.3.1.0.dylib */ = {isa = PBXFileReference; lastKnownFileType = "compiled.mach-o.dylib"; name = libopencv_stitching.3.1.0.dylib; path = ../../../../../../../usr/local/Cellar/opencv3/3.1.0_2/lib/libopencv_stitching.3.1.0.dylib; sourceTree = "<group>"; };
		5ADCBC241CBBDA4C00140F31 /* libopencv_superres.3.1.0.dylib */ = {isa = PBXFileReference; lastKnownFileType = "compiled.mach-o.dylib"; name = libopencv_superres.3.1.0.dylib; path = ../../../../../../../usr/local/Cellar/opencv3/3.1.0_2/lib/libopencv_superres.3.1.0.dylib; sourceTree = "<group>"; };
		5ADCBC251CBBDA4C00140F31 /* libopencv_ts.a */ = {isa = PBXFileReference; lastKnownFileType = archive.ar; name = libopencv_ts.a; path = ../../../../../../../usr/local/Cellar/opencv3/3.1.0_2/lib/libopencv_ts.a; sourceTree = "<group>"; };
		5ADCBC261CBBDA4C00140F31 /* libopencv_video.3.1.0.dylib */ = {isa = PBXFileReference; lastKnownFileType = "compiled.mach-o.dylib"; name = libopencv_video.3.1.0.dylib; path = ../../../../../../../usr/local/Cellar/opencv3/3.1.0_2/lib/libopencv_video.3.1.0.dylib; sourceTree = "<group>"; };
		5ADCBC271CBBDA4C00140F31 /* libopencv_videoio.3.1.0.dylib */ = {isa = PBXFileReference; lastKnownFileType = "compiled.mach-o.dylib"; name = libopencv_videoio.3.1.0.dylib; path = ../../../../../../../usr/local/Cellar/opencv3/3.1.0_2/lib/libopencv_videoio.3.1.0.dylib; sourceTree = "<group>"; };
		5ADCBC281CBBDA4C00140F31 /* libopencv_videostab.3.1.0.dylib */ = {isa = PBXFileReference; lastKnownFileType = "compiled.mach-o.dylib"; name = libopencv_videostab.3.1.0.dylib; path = ../../../../../../../usr/local/Cellar/opencv3/3.1.0_2/lib/libopencv_videostab.3.1.0.dylib; sourceTree = "<group>"; };
/* End PBXFileReference section */

/* Begin PBXFrameworksBuildPhase section */
		5ADCBC0B1CBBD89900140F31 /* Frameworks */ = {
			isa = PBXFrameworksBuildPhase;
			buildActionMask = 2147483647;
			files = (
				5ADCBC351CBBDA4C00140F31 /* libopencv_ts.a in Frameworks */,
				5ADCBC381CBBDA4C00140F31 /* libopencv_videostab.3.1.0.dylib in Frameworks */,
				5ADCBC341CBBDA4C00140F31 /* libopencv_superres.3.1.0.dylib in Frameworks */,
				5ADCBC2A1CBBDA4C00140F31 /* libopencv_features2d.3.1.0.dylib in Frameworks */,
				5ADCBC2B1CBBDA4C00140F31 /* libopencv_flann.3.1.0.dylib in Frameworks */,
				5ADCBC291CBBDA4C00140F31 /* libopencv_core.3.1.0.dylib in Frameworks */,
				5ADCBC2D1CBBDA4C00140F31 /* libopencv_imgcodecs.3.1.0.dylib in Frameworks */,
				5ADCBC301CBBDA4C00140F31 /* libopencv_objdetect.3.1.0.dylib in Frameworks */,
				5ADCBC361CBBDA4C00140F31 /* libopencv_video.3.1.0.dylib in Frameworks */,
				5ADCBC321CBBDA4C00140F31 /* libopencv_shape.3.1.0.dylib in Frameworks */,
				5ADCBC2F1CBBDA4C00140F31 /* libopencv_ml.3.1.0.dylib in Frameworks */,
				5ADCBC331CBBDA4C00140F31 /* libopencv_stitching.3.1.0.dylib in Frameworks */,
				5ADCBC371CBBDA4C00140F31 /* libopencv_videoio.3.1.0.dylib in Frameworks */,
				5ADCBC311CBBDA4C00140F31 /* libopencv_photo.3.1.0.dylib in Frameworks */,
				5ADCBC2C1CBBDA4C00140F31 /* libopencv_highgui.3.1.0.dylib in Frameworks */,
				5ADCBC2E1CBBDA4C00140F31 /* libopencv_imgproc.3.1.0.dylib in Frameworks */,
			);
			runOnlyForDeploymentPostprocessing = 0;
		};
/* End PBXFrameworksBuildPhase section */

/* Begin PBXGroup section */
		5ADCBC051CBBD89900140F31 = {
			isa = PBXGroup;
			children = (
				5ADCBC101CBBD89900140F31 /* 6 */,
				5ADCBC0F1CBBD89900140F31 /* Products */,
			);
			sourceTree = "<group>";
		};
		5ADCBC0F1CBBD89900140F31 /* Products */ = {
			isa = PBXGroup;
			children = (
				5ADCBC0E1CBBD89900140F31 /* 6 */,
			);
			name = Products;
			sourceTree = "<group>";
		};
		5ADCBC101CBBD89900140F31 /* 6 */ = {
			isa = PBXGroup;
			children = (
				5ADCBC191CBBDA4C00140F31 /* libopencv_core.3.1.0.dylib */,
				5ADCBC1A1CBBDA4C00140F31 /* libopencv_features2d.3.1.0.dylib */,
				5ADCBC1B1CBBDA4C00140F31 /* libopencv_flann.3.1.0.dylib */,
				5ADCBC1C1CBBDA4C00140F31 /* libopencv_highgui.3.1.0.dylib */,
				5ADCBC1D1CBBDA4C00140F31 /* libopencv_imgcodecs.3.1.0.dylib */,
				5ADCBC1E1CBBDA4C00140F31 /* libopencv_imgproc.3.1.0.dylib */,
				5ADCBC1F1CBBDA4C00140F31 /* libopencv_ml.3.1.0.dylib */,
				5ADCBC201CBBDA4C00140F31 /* libopencv_objdetect.3.1.0.dylib */,
				5ADCBC211CBBDA4C00140F31 /* libopencv_photo.3.1.0.dylib */,
				5ADCBC221CBBDA4C00140F31 /* libopencv_shape.3.1.0.dylib */,
				5ADCBC231CBBDA4C00140F31 /* libopencv_stitching.3.1.0.dylib */,
				5ADCBC241CBBDA4C00140F31 /* libopencv_superres.3.1.0.dylib */,
				5ADCBC251CBBDA4C00140F31 /* libopencv_ts.a */,
				5ADCBC261CBBDA4C00140F31 /* libopencv_video.3.1.0.dylib */,
				5ADCBC271CBBDA4C00140F31 /* libopencv_videoio.3.1.0.dylib */,
				5ADCBC281CBBDA4C00140F31 /* libopencv_videostab.3.1.0.dylib */,
				5ADCBC111CBBD89900140F31 /* main.cpp */,
			);
			path = 6;
			sourceTree = "<group>";
		};
/* End PBXGroup section */

/* Begin PBXNativeTarget section */
		5ADCBC0D1CBBD89900140F31 /* 6 */ = {
			isa = PBXNativeTarget;
			buildConfigurationList = 5ADCBC151CBBD89900140F31 /* Build configuration list for PBXNativeTarget "6" */;
			buildPhases = (
				5ADCBC0A1CBBD89900140F31 /* Sources */,
				5ADCBC0B1CBBD89900140F31 /* Frameworks */,
				5ADCBC0C1CBBD89900140F31 /* CopyFiles */,
			);
			buildRules = (
			);
			dependencies = (
			);
			name = 6;
			productName = 6;
			productReference = 5ADCBC0E1CBBD89900140F31 /* 6 */;
			productType = "com.apple.product-type.tool";
		};
/* End PBXNativeTarget section */

/* Begin PBXProject section */
		5ADCBC061CBBD89900140F31 /* Project object */ = {
			isa = PBXProject;
			attributes = {
				LastUpgradeCheck = 0730;
				ORGANIZATIONNAME = "張語航";
				TargetAttributes = {
					5ADCBC0D1CBBD89900140F31 = {
						CreatedOnToolsVersion = 7.3;
					};
				};
			};
			buildConfigurationList = 5ADCBC091CBBD89900140F31 /* Build configuration list for PBXProject "6" */;
			compatibilityVersion = "Xcode 3.2";
			developmentRegion = English;
			hasScannedForEncodings = 0;
			knownRegions = (
				en,
			);
			mainGroup = 5ADCBC051CBBD89900140F31;
			productRefGroup = 5ADCBC0F1CBBD89900140F31 /* Products */;
			projectDirPath = "";
			projectRoot = "";
			targets = (
				5ADCBC0D1CBBD89900140F31 /* 6 */,
			);
		};
/* End PBXProject section */

/* Begin PBXSourcesBuildPhase section */
		5ADCBC0A1CBBD89900140F31 /* Sources */ = {
			isa = PBXSourcesBuildPhase;
			buildActionMask = 2147483647;
			files = (
				5ADCBC121CBBD89900140F31 /* main.cpp in Sources */,
			);
			runOnlyForDeploymentPostprocessing = 0;
		};
/* End PBXSourcesBuildPhase section */

/* Begin XCBuildConfiguration section */
		5ADCBC131CBBD89900140F31 /* Debug */ = {
			isa = XCBuildConfiguration;
			buildSettings = {
				ALWAYS_SEARCH_USER_PATHS = NO;
				CLANG_ANALYZER_NONNULL = YES;
				CLANG_CXX_LANGUAGE_STANDARD = "gnu++0x";
				CLANG_CXX_LIBRARY = "libc++";
				CLANG_ENABLE_MODULES = YES;
				CLANG_ENABLE_OBJC_ARC = YES;
				CLANG_WARN_BOOL_CONVERSION = YES;
				CLANG_WARN_CONSTANT_CONVERSION = YES;
				CLANG_WARN_DIRECT_OBJC_ISA_USAGE = YES_ERROR;
				CLANG_WARN_EMPTY_BODY = YES;
				CLANG_WARN_ENUM_CONVERSION = YES;
				CLANG_WARN_INT_CONVERSION = YES;
				CLANG_WARN_OBJC_ROOT_CLASS = YES_ERROR;
				CLANG_WARN_UNREACHABLE_CODE = YES;
				CLANG_WARN__DUPLICATE_METHOD_MATCH = YES;
				CODE_SIGN_IDENTITY = "-";
				COPY_PHASE_STRIP = NO;
				DEBUG_INFORMATION_FORMAT = dwarf;
				ENABLE_STRICT_OBJC_MSGSEND = YES;
				ENABLE_TESTABILITY = YES;
				GCC_C_LANGUAGE_STANDARD = gnu99;
				GCC_DYNAMIC_NO_PIC = NO;
				GCC_NO_COMMON_BLOCKS = YES;
				GCC_OPTIMIZATION_LEVEL = 0;
				GCC_PREPROCESSOR_DEFINITIONS = (
					"DEBUG=1",
					"$(inherited)",
				);
				GCC_WARN_64_TO_32_BIT_CONVERSION = YES;
				GCC_WARN_ABOUT_RETURN_TYPE = YES_ERROR;
				GCC_WARN_UNDECLARED_SELECTOR = YES;
				GCC_WARN_UNINITIALIZED_AUTOS = YES_AGGRESSIVE;
				GCC_WARN_UNUSED_FUNCTION = YES;
				GCC_WARN_UNUSED_VARIABLE = YES;
				MACOSX_DEPLOYMENT_TARGET = 10.11;
				MTL_ENABLE_DEBUG_INFO = YES;
				ONLY_ACTIVE_ARCH = YES;
				SDKROOT = macosx;
			};
			name = Debug;
		};
		5ADCBC141CBBD89900140F31 /* Release */ = {
			isa = XCBuildConfiguration;
			buildSettings = {
				ALWAYS_SEARCH_USER_PATHS = NO;
				CLANG_ANALYZER_NONNULL = YES;
				CLANG_CXX_LANGUAGE_STANDARD = "gnu++0x";
				CLANG_CXX_LIBRARY = "libc++";
				CLANG_ENABLE_MODULES = YES;
				CLANG_ENABLE_OBJC_ARC = YES;
				CLANG_WARN_BOOL_CONVERSION = YES;
				CLANG_WARN_CONSTANT_CONVERSION = YES;
				CLANG_WARN_DIRECT_OBJC_ISA_USAGE = YES_ERROR;
				CLANG_WARN_EMPTY_BODY = YES;
				CLANG_WARN_ENUM_CONVERSION = YES;
				CLANG_WARN_INT_CONVERSION = YES;
				CLANG_WARN_OBJC_ROOT_CLASS = YES_ERROR;
				CLANG_WARN_UNREACHABLE_CODE = YES;
				CLANG_WARN__DUPLICATE_METHOD_MATCH = YES;
				CODE_SIGN_IDENTITY = "-";
				COPY_PHASE_STRIP = NO;
				DEBUG_INFORMATION_FORMAT = "dwarf-with-dsym";
				ENABLE_NS_ASSERTIONS = NO;
				ENABLE_STRICT_OBJC_MSGSEND = YES;
				GCC_C_LANGUAGE_STANDARD = gnu99;
				GCC_NO_COMMON_BLOCKS = YES;
				GCC_WARN_64_TO_32_BIT_CONVERSION = YES;
				GCC_WARN_ABOUT_RETURN_TYPE = YES_ERROR;
				GCC_WARN_UNDECLARED_SELECTOR = YES;
				GCC_WARN_UNINITIALIZED_AUTOS = YES_AGGRESSIVE;
				GCC_WARN_UNUSED_FUNCTION = YES;
				GCC_WARN_UNUSED_VARIABLE = YES;
				MACOSX_DEPLOYMENT_TARGET = 10.11;
				MTL_ENABLE_DEBUG_INFO = NO;
				SDKROOT = macosx;
			};
			name = Release;
		};
		5ADCBC161CBBD89900140F31 /* Debug */ = {
			isa = XCBuildConfiguration;
			buildSettings = {
				HEADER_SEARCH_PATHS = /usr/local/Cellar/opencv3/3.1.0_2/include;
				LIBRARY_SEARCH_PATHS = /usr/local/Cellar/opencv3/3.1.0_2/lib;
				PRODUCT_NAME = "$(TARGET_NAME)";
			};
			name = Debug;
		};
		5ADCBC171CBBD89900140F31 /* Release */ = {
			isa = XCBuildConfiguration;
			buildSettings = {
				HEADER_SEARCH_PATHS = /usr/local/Cellar/opencv3/3.1.0_2/include;
				LIBRARY_SEARCH_PATHS = /usr/local/Cellar/opencv3/3.1.0_2/lib;
				PRODUCT_NAME = "$(TARGET_NAME)";
			};
			name = Release;
		};
/* End XCBuildConfiguration section */

/* Begin XCConfigurationList section */
		5ADCBC091CBBD89900140F31 /* Build configuration list for PBXProject "6" */ = {
			isa = XCConfigurationList;
			buildConfigurations = (
				5ADCBC131CBBD89900140F31 /* Debug */,
				5ADCBC141CBBD89900140F31 /* Release */,
			);
			defaultConfigurationIsVisible = 0;
			defaultConfigurationName = Release;
		};
		5ADCBC151CBBD89900140F31 /* Build configuration list for PBXNativeTarget "6" */ = {
			isa = XCConfigurationList;
			buildConfigurations = (
				5ADCBC161CBBD89900140F31 /* Debug */,
				5ADCBC171CBBD89900140F31 /* Release */,
			);
			defaultConfigurationIsVisible = 0;
		};
/* End XCConfigurationList section */
	};
	rootObject = 5ADCBC061CBBD89900140F31 /* Project object */;
}
